{
  "originHash" : "aa5cf2fc28b44ba75d27a9c0f3c4cc52a3ddaa9a3913b46ae29bb77da8b96c92",
  "pins" : [
    {
      "identity" : "sparkle",
      "kind" : "remoteSourceControl",
      "location" : "https://github.com/sparkle-project/Sparkle",
      "state" : {
        "revision" : "5581748cef2bae787496fe6d61139aebe0a451f6",
        "version" : "2.8.1"
      }
    }
  ],
  "version" : 3
}
